PODS:
  - AFNetworking (4.0.1):
    - AFNetworking/NSURLSession (= 4.0.1)
    - AFNetworking/Reachability (= 4.0.1)
    - AFNetworking/Security (= 4.0.1)
    - AFNetworking/Serialization (= 4.0.1)
    - AFNetworking/UIKit (= 4.0.1)
  - AFNetworking/NSURLSession (4.0.1):
    - AFNetworking/Reachability
    - AFNetworking/Security
    - AFNetworking/Serialization
  - AFNetworking/Reachability (4.0.1)
  - AFNetworking/Security (4.0.1)
  - AFNetworking/Serialization (4.0.1)
  - AFNetworking/UIKit (4.0.1):
    - AFNetworking/NSURLSession
  - DLUtils (0.0.7)
  - DoraemonKit/Core (3.0.1)
  - FDFullscreenPopGesture (1.1)
  - FMDB (2.7.5):
    - FMDB/standard (= 2.7.5)
  - FMDB/standard (2.7.5)
  - FreeStreamer (3.9.3):
    - Reachability (~> 3.0)
  - IQKeyboardManager (6.5.5)
  - LYEmptyView (1.3.1)
  - Masonry (1.1.0)
  - MJExtension (3.0.15.1)
  - MJRefresh (3.1.15.7)
  - Reachability (3.2)
  - SDWebImage (5.7.3):
    - SDWebImage/Core (= 5.7.3)
  - SDWebImage/Core (5.7.3)
  - SVProgressHUD (2.2.5)
  - YYModel (1.0.4)

DEPENDENCIES:
  - AFNetworking (~> 4.0)
  - DLUtils (~> 0.0.7)
  - DoraemonKit/Core (~> 3.0.0)
  - FDFullscreenPopGesture (~> 1.1)
  - FMDB (~> 2.7.5)
  - FreeStreamer (~> 3.9.3)
  - IQKeyboardManager
  - LYEmptyView
  - Masonry
  - MJExtension (~> 3.0.15.1)
  - MJRefresh (~> 3.1.15.7)
  - SDWebImage (~> 5.0)
  - SVProgressHUD (~> 2.2.5)
  - YYModel

SPEC REPOS:
  https://github.com/cocoapods/specs.git:
    - AFNetworking
    - DLUtils
    - DoraemonKit
    - FDFullscreenPopGesture
    - FMDB
    - FreeStreamer
    - IQKeyboardManager
    - LYEmptyView
    - Masonry
    - MJExtension
    - MJRefresh
    - Reachability
    - SDWebImage
    - SVProgressHUD
    - YYModel

SPEC CHECKSUMS:
  AFNetworking: 7864c38297c79aaca1500c33288e429c3451fdce
  DLUtils: f4cfbf4072bd784ca80373da283c1b20d62e5177
  DoraemonKit: 00f8c55bec06e240f25e18ec5b7faa012dfbb827
  FDFullscreenPopGesture: a8a620179e3d9c40e8e00256dcee1c1a27c6d0f0
  FMDB: 2ce00b547f966261cd18927a3ddb07cb6f3db82a
  FreeStreamer: 8d52b299dc97e557ff156480bf86a666165bd1e5
  IQKeyboardManager: 3a8b9e603f8b0eeaf5f096a1f2b2cfcf121992ef
  LYEmptyView: b6d418cfa38b78df0cf243f9a9c25ccbdc399922
  Masonry: 678fab65091a9290e40e2832a55e7ab731aad201
  MJExtension: 19bc33ce2eee2d319760f5622562cf581a6ff756
  MJRefresh: 697f8ec75ebdbe9207767bb682cf0f51b0d8a41f
  Reachability: 33e18b67625424e47b6cde6d202dce689ad7af96
  SDWebImage: 97351f6582ceca541ea294ba66a1fcb342a331c2
  SVProgressHUD: 1428aafac632c1f86f62aa4243ec12008d7a51d6
  YYModel: 2a7fdd96aaa4b86a824e26d0c517de8928c04b30

PODFILE CHECKSUM: 68f460f00cd46aba71518d3c7c08e0fb4ca8ced6

COCOAPODS: 1.5.2
